
Microsoft Visual Studio Solution File, Format Version 12.00
# Visual Studio Version 16
VisualStudioVersion = 16.0.30128.74
MinimumVisualStudioVersion = 10.0.40219.1
Project("{FAE04EC0-301F-11D3-BF4B-00C04F79EFBC}") = "ConsoleControl", "ConsoleControl\ConsoleControl.csproj", "{7F73EEB1-2569-471F-9CAF-0B75F2654FEB}"
EndProject
Project("{FAE04EC0-301F-11D3-BF4B-00C04F79EFBC}") = "ConsoleControl.Demo", "ConsoleControl.Demo\ConsoleControl.Demo.csproj", "{00668C40-074B-46AC-BCDA-EA366FA20D5F}"
EndProject
Global
	GlobalSection(SolutionConfigurationPlatforms) = preSolution
		Debug|Any CPU = Debug|Any CPU
		Release|Any CPU = Release|Any CPU
	EndGlobalSection
	GlobalSection(ProjectConfigurationPlatforms) = postSolution
		{7F73EEB1-2569-471F-9CAF-0B75F2654FEB}.Debug|Any CPU.ActiveCfg = Debug|Any CPU
		{7F73EEB1-2569-471F-9CAF-0B75F2654FEB}.Debug|Any CPU.Build.0 = Debug|Any CPU
		{7F73EEB1-2569-471F-9CAF-0B75F2654FEB}.Release|Any CPU.ActiveCfg = Release|Any CPU
		{7F73EEB1-2569-471F-9CAF-0B75F2654FEB}.Release|Any CPU.Build.0 = Release|Any CPU
		{00668C40-074B-46AC-BCDA-EA366FA20D5F}.Debug|Any CPU.ActiveCfg = Debug|Any CPU
		{00668C40-074B-46AC-BCDA-EA366FA20D5F}.Debug|Any CPU.Build.0 = Debug|Any CPU
		{00668C40-074B-46AC-BCDA-EA366FA20D5F}.Release|Any CPU.ActiveCfg = Release|Any CPU
		{00668C40-074B-46AC-BCDA-EA366FA20D5F}.Release|Any CPU.Build.0 = Release|Any CPU
	EndGlobalSection
	GlobalSection(SolutionProperties) = preSolution
		HideSolutionNode = FALSE
	EndGlobalSection
	GlobalSection(ExtensibilityGlobals) = postSolution
		SolutionGuid = {09A6A634-A45C-40FE-BDA4-003B2082622D}
	EndGlobalSection
EndGlobal
